
Microsoft Visual Studio Solution File, Format Version 12.00
# Visual Studio Version 16
VisualStudioVersion = 16.0.31112.23
MinimumVisualStudioVersion = 10.0.40219.1
Project("{FAE04EC0-301F-11D3-BF4B-00C04F79EFBC}") = "SnakesAndLadders.UnitTest", "SnakesAndLadders.UnitTest\SnakesAndLadders.UnitTest.csproj", "{AFB4BD9F-DAD2-49DE-BDE9-900EA92687E0}"
EndProject
Project("{FAE04EC0-301F-11D3-BF4B-00C04F79EFBC}") = "SnakesAndLadders.ClassLibrary", "SnakesAndLadders.ClassLibrary\SnakesAndLadders.ClassLibrary.csproj", "{8B3F564F-38BE-4E00-85B9-AF632B8ADD8B}"
EndProject
Global
	GlobalSection(SolutionConfigurationPlatforms) = preSolution
		Debug|Any CPU = Debug|Any CPU
		Release|Any CPU = Release|Any CPU
	EndGlobalSection
	GlobalSection(ProjectConfigurationPlatforms) = postSolution
		{AFB4BD9F-DAD2-49DE-BDE9-900EA92687E0}.Debug|Any CPU.ActiveCfg = Debug|Any CPU
		{AFB4BD9F-DAD2-49DE-BDE9-900EA92687E0}.Debug|Any CPU.Build.0 = Debug|Any CPU
		{AFB4BD9F-DAD2-49DE-BDE9-900EA92687E0}.Release|Any CPU.ActiveCfg = Release|Any CPU
		{AFB4BD9F-DAD2-49DE-BDE9-900EA92687E0}.Release|Any CPU.Build.0 = Release|Any CPU
		{8B3F564F-38BE-4E00-85B9-AF632B8ADD8B}.Debug|Any CPU.ActiveCfg = Debug|Any CPU
		{8B3F564F-38BE-4E00-85B9-AF632B8ADD8B}.Debug|Any CPU.Build.0 = Debug|Any CPU
		{8B3F564F-38BE-4E00-85B9-AF632B8ADD8B}.Release|Any CPU.ActiveCfg = Release|Any CPU
		{8B3F564F-38BE-4E00-85B9-AF632B8ADD8B}.Release|Any CPU.Build.0 = Release|Any CPU
	EndGlobalSection
	GlobalSection(SolutionProperties) = preSolution
		HideSolutionNode = FALSE
	EndGlobalSection
	GlobalSection(ExtensibilityGlobals) = postSolution
		SolutionGuid = {24BA907E-B3F9-4F1F-A030-AAB72DEE9BF3}
	EndGlobalSection
EndGlobal
